<?xml version="1.0" encoding="utf-8"?>
<Project ToolsVersion="4.0" xmlns="http://schemas.microsoft.com/developer/msbuild/2003">
  <ItemGroup>
    <Filter Include="Fichiers sources">
      <UniqueIdentifier>{4FC737F1-C7A5-4376-A066-2A32D752A2FF}</UniqueIdentifier>
      <Extensions>cpp;c;cc;cxx;def;odl;idl;hpj;bat;asm;asmx</Extensions>
    </Filter>
    <Filter Include="Fichiers d%27en-tête">
      <UniqueIdentifier>{93995380-89BD-4b04-88EB-625FBE52EBFB}</UniqueIdentifier>
      <Extensions>h;hh;hpp;hxx;hm;inl;inc;xsd</Extensions>
    </Filter>
    <Filter Include="Fichiers de ressources">
      <UniqueIdentifier>{67DA6AB6-F800-4c08-8B7A-83BB121AAD01}</UniqueIdentifier>
      <Extensions>rc;ico;cur;bmp;dlg;rc2;rct;bin;rgs;gif;jpg;jpeg;jpe;resx;tiff;tif;png;wav;mfcribbon-ms</Extensions>
    </Filter>
    <Filter Include="Fichiers d%27en-tête\html">
      <UniqueIdentifier>{13c726db-5d7a-4a46-a5de-c5786782873d}</UniqueIdentifier>
    </Filter>
    <Filter Include="Fichiers sources\html">
      <UniqueIdentifier>{1fb05641-1b97-4eb7-a089-e73f51bb9782}</UniqueIdentifier>
    </Filter>
    <Filter Include="Fichiers d%27en-tête\html\Form">
      <UniqueIdentifier>{4858e839-a809-4ab5-ab67-d925e5fbfab5}</UniqueIdentifier>
    </Filter>
    <Filter Include="Fichiers sources\html\Form">
      <UniqueIdentifier>{cbb53f27-10b4-4b75-8a5c-335bb291e91a}</UniqueIdentifier>
    </Filter>
  </ItemGroup>
  <ItemGroup>
    <ClCompile Include="WebServer.cpp">
      <Filter>Fichiers sources</Filter>
    </ClCompile>
    <ClCompile Include="Socket.cpp">
      <Filter>Fichiers sources</Filter>
    </ClCompile>
    <ClCompile Include="SocketException.cpp">
      <Filter>Fichiers sources</Filter>
    </ClCompile>
    <ClCompile Include="HttpClient.cpp">
      <Filter>Fichiers sources</Filter>
    </ClCompile>
    <ClCompile Include="HttpRequest.cpp">
      <Filter>Fichiers sources</Filter>
    </ClCompile>
    <ClCompile Include="Util.cpp">
      <Filter>Fichiers sources</Filter>
    </ClCompile>
    <ClCompile Include="SessionManager.cpp">
      <Filter>Fichiers sources</Filter>
    </ClCompile>
    <ClCompile Include="Session.cpp">
      <Filter>Fichiers sources</Filter>
    </ClCompile>
    <ClCompile Include="Cookie.cpp">
      <Filter>Fichiers sources</Filter>
    </ClCompile>
    <ClCompile Include="HashGenerator.cpp">
      <Filter>Fichiers sources</Filter>
    </ClCompile>
    <ClCompile Include="Response.cpp">
      <Filter>Fichiers sources</Filter>
    </ClCompile>
    <ClCompile Include="Meta.cpp">
      <Filter>Fichiers sources\html</Filter>
    </ClCompile>
    <ClCompile Include="MappedDirectory.cpp">
      <Filter>Fichiers sources</Filter>
    </ClCompile>
    <ClCompile Include="FileElement.cpp">
      <Filter>Fichiers sources</Filter>
    </ClCompile>
    <ClCompile Include="DirContentRootElem.cpp">
      <Filter>Fichiers sources</Filter>
    </ClCompile>
    <ClCompile Include="Paragraph.cpp">
      <Filter>Fichiers sources\html</Filter>
    </ClCompile>
    <ClCompile Include="Link.cpp">
      <Filter>Fichiers sources\html</Filter>
    </ClCompile>
    <ClCompile Include="Anchor.cpp">
      <Filter>Fichiers sources\html</Filter>
    </ClCompile>
    <ClCompile Include="JsonRootElement.cpp">
      <Filter>Fichiers sources</Filter>
    </ClCompile>
    <ClCompile Include="HtmlRootElement.cpp">
      <Filter>Fichiers sources</Filter>
    </ClCompile>
    <ClCompile Include="AHtmlNode.cpp">
      <Filter>Fichiers sources</Filter>
    </ClCompile>
    <ClCompile Include="RawRootElem.cpp">
      <Filter>Fichiers sources</Filter>
    </ClCompile>
    <ClCompile Include="Form.cpp">
      <Filter>Fichiers sources\html</Filter>
    </ClCompile>
    <ClCompile Include="AWebPage.cpp">
      <Filter>Fichiers sources</Filter>
    </ClCompile>
    <ClCompile Include="HiddenField.cpp">
      <Filter>Fichiers sources\html\Form</Filter>
    </ClCompile>
    <ClCompile Include="AInput.cpp">
      <Filter>Fichiers sources\html\Form</Filter>
    </ClCompile>
    <ClCompile Include="SubmitButton.cpp">
      <Filter>Fichiers sources\html\Form</Filter>
    </ClCompile>
    <ClCompile Include="TextBox.cpp">
      <Filter>Fichiers sources\html\Form</Filter>
    </ClCompile>
    <ClCompile Include="PasswordBox.cpp">
      <Filter>Fichiers sources\html\Form</Filter>
    </ClCompile>
    <ClCompile Include="BasicInput.cpp">
      <Filter>Fichiers sources\html\Form</Filter>
    </ClCompile>
    <ClCompile Include="FileField.cpp">
      <Filter>Fichiers sources\html\Form</Filter>
    </ClCompile>
  </ItemGroup>
  <ItemGroup>
    <ClInclude Include="WebServer.hpp">
      <Filter>Fichiers d%27en-tête</Filter>
    </ClInclude>
    <ClInclude Include="SocketException.h">
      <Filter>Fichiers d%27en-tête</Filter>
    </ClInclude>
    <ClInclude Include="HttpClient.h">
      <Filter>Fichiers d%27en-tête</Filter>
    </ClInclude>
    <ClInclude Include="HttpRequest.h">
      <Filter>Fichiers d%27en-tête</Filter>
    </ClInclude>
    <ClInclude Include="AWebPage.h">
      <Filter>Fichiers d%27en-tête</Filter>
    </ClInclude>
    <ClInclude Include="Util.h">
      <Filter>Fichiers d%27en-tête</Filter>
    </ClInclude>
    <ClInclude Include="HttpError.h">
      <Filter>Fichiers d%27en-tête</Filter>
    </ClInclude>
    <ClInclude Include="SessionManager.h">
      <Filter>Fichiers d%27en-tête</Filter>
    </ClInclude>
    <ClInclude Include="Session.h">
      <Filter>Fichiers d%27en-tête</Filter>
    </ClInclude>
    <ClInclude Include="Cookie.h">
      <Filter>Fichiers d%27en-tête</Filter>
    </ClInclude>
    <ClInclude Include="HashGenerator.h">
      <Filter>Fichiers d%27en-tête</Filter>
    </ClInclude>
    <ClInclude Include="Response.h">
      <Filter>Fichiers d%27en-tête</Filter>
    </ClInclude>
    <ClInclude Include="Meta.h">
      <Filter>Fichiers d%27en-tête\html</Filter>
    </ClInclude>
    <ClInclude Include="DirContentRootElem.h">
      <Filter>Fichiers d%27en-tête</Filter>
    </ClInclude>
    <ClInclude Include="AHtmlNode.h">
      <Filter>Fichiers d%27en-tête\html</Filter>
    </ClInclude>
    <ClInclude Include="Paragraph.h">
      <Filter>Fichiers d%27en-tête\html</Filter>
    </ClInclude>
    <ClInclude Include="Link.h">
      <Filter>Fichiers d%27en-tête\html</Filter>
    </ClInclude>
    <ClInclude Include="Anchor.h">
      <Filter>Fichiers d%27en-tête\html</Filter>
    </ClInclude>
    <ClInclude Include="ARootElement.h">
      <Filter>Fichiers d%27en-tête</Filter>
    </ClInclude>
    <ClInclude Include="HtmlRootElement.h">
      <Filter>Fichiers d%27en-tête</Filter>
    </ClInclude>
    <ClInclude Include="JsonRootElement.h">
      <Filter>Fichiers d%27en-tête</Filter>
    </ClInclude>
    <ClInclude Include="RawRootElement.h">
      <Filter>Fichiers d%27en-tête</Filter>
    </ClInclude>
    <ClInclude Include="Form.h">
      <Filter>Fichiers d%27en-tête\html</Filter>
    </ClInclude>
    <ClInclude Include="hiddenField.h">
      <Filter>Fichiers d%27en-tête\html\Form</Filter>
    </ClInclude>
    <ClInclude Include="AInput.h">
      <Filter>Fichiers d%27en-tête\html\Form</Filter>
    </ClInclude>
    <ClInclude Include="SubmitButton.h">
      <Filter>Fichiers d%27en-tête\html\Form</Filter>
    </ClInclude>
    <ClInclude Include="TextBox.h">
      <Filter>Fichiers d%27en-tête\html\Form</Filter>
    </ClInclude>
    <ClInclude Include="PasswordBox.h">
      <Filter>Fichiers d%27en-tête\html\Form</Filter>
    </ClInclude>
    <ClInclude Include="BasicInput.h">
      <Filter>Fichiers d%27en-tête\html\Form</Filter>
    </ClInclude>
    <ClInclude Include="FileField.h">
      <Filter>Fichiers d%27en-tête\html\Form</Filter>
    </ClInclude>
  </ItemGroup>
  <ItemGroup>
    <None Include="Makefile">
      <Filter>Fichiers de ressources</Filter>
    </None>
  </ItemGroup>
</Project>